// !$*UTF8*$!
{
	archiveVersion = 1;
	classes = {
	};
	objectVersion = 70;
	objects = {

/* Begin PBXBuildFile section */
		8940026924ACBE4900EBE74B /* NetworkExtension.framework in Frameworks */ = {isa = PBXBuildFile; fileRef = 8940026824ACBE4900EBE74B /* NetworkExtension.framework */; };
/* End PBXBuildFile section */

/* Begin PBXContainerItemProxy section */
		8940024A24ACBD2800EBE74B /* PBXContainerItemProxy */ = {
			isa = PBXContainerItemProxy;
			containerPortal = 8940023024ACBD2700EBE74B /* Project object */;
			proxyType = 1;
			remoteGlobalIDString = 8940023724ACBD2700EBE74B;
			remoteInfo = DNSecure;
		};
		8940025524ACBD2800EBE74B /* PBXContainerItemProxy */ = {
			isa = PBXContainerItemProxy;
			containerPortal = 8940023024ACBD2700EBE74B /* Project object */;
			proxyType = 1;
			remoteGlobalIDString = 8940023724ACBD2700EBE74B;
			remoteInfo = DNSecure;
		};
/* End PBXContainerItemProxy section */

/* Begin PBXFileReference section */
		8924EDF324C9CDF1004AF871 /* README.md */ = {isa = PBXFileReference; lastKnownFileType = net.daringfireball.markdown; path = README.md; sourceTree = "<group>"; };
		8940023824ACBD2700EBE74B /* DNSecure.app */ = {isa = PBXFileReference; explicitFileType = wrapper.application; includeInIndex = 0; path = DNSecure.app; sourceTree = BUILT_PRODUCTS_DIR; };
		8940024924ACBD2800EBE74B /* DNSecureTests.xctest */ = {isa = PBXFileReference; explicitFileType = wrapper.cfbundle; includeInIndex = 0; path = DNSecureTests.xctest; sourceTree = BUILT_PRODUCTS_DIR; };
		8940025424ACBD2800EBE74B /* DNSecureUITests.xctest */ = {isa = PBXFileReference; explicitFileType = wrapper.cfbundle; includeInIndex = 0; path = DNSecureUITests.xctest; sourceTree = BUILT_PRODUCTS_DIR; };
		8940026824ACBE4900EBE74B /* NetworkExtension.framework */ = {isa = PBXFileReference; lastKnownFileType = wrapper.framework; name = NetworkExtension.framework; path = System/Library/Frameworks/NetworkExtension.framework; sourceTree = SDKROOT; };
/* End PBXFileReference section */

/* Begin PBXFileSystemSynchronizedBuildFileExceptionSet section */
		899AD03F2E66100500449710 /* PBXFileSystemSynchronizedBuildFileExceptionSet */ = {
			isa = PBXFileSystemSynchronizedBuildFileExceptionSet;
			membershipExceptions = (
				Info.plist,
			);
			target = 8940023724ACBD2700EBE74B /* DNSecure */;
		};
/* End PBXFileSystemSynchronizedBuildFileExceptionSet section */

/* Begin PBXFileSystemSynchronizedRootGroup section */
		899AD0232E66100500449710 /* DNSecure */ = {isa = PBXFileSystemSynchronizedRootGroup; exceptions = (899AD03F2E66100500449710 /* PBXFileSystemSynchronizedBuildFileExceptionSet */, ); explicitFileTypes = {}; explicitFolders = (); path = DNSecure; sourceTree = "<group>"; };
		899AD0422E66100E00449710 /* DNSecureTests */ = {isa = PBXFileSystemSynchronizedRootGroup; explicitFileTypes = {}; explicitFolders = (); path = DNSecureTests; sourceTree = "<group>"; };
		899AD0472E66101100449710 /* DNSecureUITests */ = {isa = PBXFileSystemSynchronizedRootGroup; explicitFileTypes = {}; explicitFolders = (); path = DNSecureUITests; sourceTree = "<group>"; };
/* End PBXFileSystemSynchronizedRootGroup section */

/* Begin PBXFrameworksBuildPhase section */
		8940023524ACBD2700EBE74B /* Frameworks */ = {
			isa = PBXFrameworksBuildPhase;
			buildActionMask = 2147483647;
			files = (
				8940026924ACBE4900EBE74B /* NetworkExtension.framework in Frameworks */,
			);
			runOnlyForDeploymentPostprocessing = 0;
		};
		8940024624ACBD2800EBE74B /* Frameworks */ = {
			isa = PBXFrameworksBuildPhase;
			buildActionMask = 2147483647;
			files = (
			);
			runOnlyForDeploymentPostprocessing = 0;
		};
		8940025124ACBD2800EBE74B /* Frameworks */ = {
			isa = PBXFrameworksBuildPhase;
			buildActionMask = 2147483647;
			files = (
			);
			runOnlyForDeploymentPostprocessing = 0;
		};
/* End PBXFrameworksBuildPhase section */

/* Begin PBXGroup section */
		8940022F24ACBD2700EBE74B = {
			isa = PBXGroup;
			children = (
				8924EDF324C9CDF1004AF871 /* README.md */,
				899AD0232E66100500449710 /* DNSecure */,
				899AD0422E66100E00449710 /* DNSecureTests */,
				899AD0472E66101100449710 /* DNSecureUITests */,
				8940023924ACBD2700EBE74B /* Products */,
				8940026724ACBE4900EBE74B /* Frameworks */,
			);
			sourceTree = "<group>";
		};
		8940023924ACBD2700EBE74B /* Products */ = {
			isa = PBXGroup;
			children = (
				8940023824ACBD2700EBE74B /* DNSecure.app */,
				8940024924ACBD2800EBE74B /* DNSecureTests.xctest */,
				8940025424ACBD2800EBE74B /* DNSecureUITests.xctest */,
			);
			name = Products;
			sourceTree = "<group>";
		};
		8940026724ACBE4900EBE74B /* Frameworks */ = {
			isa = PBXGroup;
			children = (
				8940026824ACBE4900EBE74B /* NetworkExtension.framework */,
			);
			name = Frameworks;
			sourceTree = "<group>";
		};
/* End PBXGroup section */

/* Begin PBXNativeTarget section */
		8940023724ACBD2700EBE74B /* DNSecure */ = {
			isa = PBXNativeTarget;
			buildConfigurationList = 8940025D24ACBD2800EBE74B /* Build configuration list for PBXNativeTarget "DNSecure" */;
			buildPhases = (
				8940023424ACBD2700EBE74B /* Sources */,
				8940023524ACBD2700EBE74B /* Frameworks */,
				8940023624ACBD2700EBE74B /* Resources */,
			);
			buildRules = (
			);
			dependencies = (
			);
			fileSystemSynchronizedGroups = (
				899AD0232E66100500449710 /* DNSecure */,
			);
			name = DNSecure;
			productName = DNSecure;
			productReference = 8940023824ACBD2700EBE74B /* DNSecure.app */;
			productType = "com.apple.product-type.application";
		};
		8940024824ACBD2800EBE74B /* DNSecureTests */ = {
			isa = PBXNativeTarget;
			buildConfigurationList = 8940026024ACBD2800EBE74B /* Build configuration list for PBXNativeTarget "DNSecureTests" */;
			buildPhases = (
				8940024524ACBD2800EBE74B /* Sources */,
				8940024624ACBD2800EBE74B /* Frameworks */,
				8940024724ACBD2800EBE74B /* Resources */,
			);
			buildRules = (
			);
			dependencies = (
				8940024B24ACBD2800EBE74B /* PBXTargetDependency */,
			);
			fileSystemSynchronizedGroups = (
				899AD0422E66100E00449710 /* DNSecureTests */,
			);
			name = DNSecureTests;
			productName = DNSecureTests;
			productReference = 8940024924ACBD2800EBE74B /* DNSecureTests.xctest */;
			productType = "com.apple.product-type.bundle.unit-test";
		};
		8940025324ACBD2800EBE74B /* DNSecureUITests */ = {
			isa = PBXNativeTarget;
			buildConfigurationList = 8940026324ACBD2800EBE74B /* Build configuration list for PBXNativeTarget "DNSecureUITests" */;
			buildPhases = (
				8940025024ACBD2800EBE74B /* Sources */,
				8940025124ACBD2800EBE74B /* Frameworks */,
				8940025224ACBD2800EBE74B /* Resources */,
			);
			buildRules = (
			);
			dependencies = (
				8940025624ACBD2800EBE74B /* PBXTargetDependency */,
			);
			fileSystemSynchronizedGroups = (
				899AD0472E66101100449710 /* DNSecureUITests */,
			);
			name = DNSecureUITests;
			productName = DNSecureUITests;
			productReference = 8940025424ACBD2800EBE74B /* DNSecureUITests.xctest */;
			productType = "com.apple.product-type.bundle.ui-testing";
		};
/* End PBXNativeTarget section */

/* Begin PBXProject section */
		8940023024ACBD2700EBE74B /* Project object */ = {
			isa = PBXProject;
			attributes = {
				BuildIndependentTargetsInParallel = YES;
				LastSwiftUpdateCheck = 1200;
				LastUpgradeCheck = 1620;
				TargetAttributes = {
					8940023724ACBD2700EBE74B = {
						CreatedOnToolsVersion = 12.0;
					};
					8940024824ACBD2800EBE74B = {
						CreatedOnToolsVersion = 12.0;
						TestTargetID = 8940023724ACBD2700EBE74B;
					};
					8940025324ACBD2800EBE74B = {
						CreatedOnToolsVersion = 12.0;
						TestTargetID = 8940023724ACBD2700EBE74B;
					};
				};
			};
			buildConfigurationList = 8940023324ACBD2700EBE74B /* Build configuration list for PBXProject "DNSecure" */;
			compatibilityVersion = "Xcode 9.3";
			developmentRegion = en;
			hasScannedForEncodings = 0;
			knownRegions = (
				en,
				Base,
			);
			mainGroup = 8940022F24ACBD2700EBE74B;
			productRefGroup = 8940023924ACBD2700EBE74B /* Products */;
			projectDirPath = "";
			projectRoot = "";
			targets = (
				8940023724ACBD2700EBE74B /* DNSecure */,
				8940024824ACBD2800EBE74B /* DNSecureTests */,
				8940025324ACBD2800EBE74B /* DNSecureUITests */,
			);
		};
/* End PBXProject section */

/* Begin PBXResourcesBuildPhase section */
		8940023624ACBD2700EBE74B /* Resources */ = {
			isa = PBXResourcesBuildPhase;
			buildActionMask = 2147483647;
			files = (
			);
			runOnlyForDeploymentPostprocessing = 0;
		};
		8940024724ACBD2800EBE74B /* Resources */ = {
			isa = PBXResourcesBuildPhase;
			buildActionMask = 2147483647;
			files = (
			);
			runOnlyForDeploymentPostprocessing = 0;
		};
		8940025224ACBD2800EBE74B /* Resources */ = {
			isa = PBXResourcesBuildPhase;
			buildActionMask = 2147483647;
			files = (
			);
			runOnlyForDeploymentPostprocessing = 0;
		};
/* End PBXResourcesBuildPhase section */

/* Begin PBXSourcesBuildPhase section */
		8940023424ACBD2700EBE74B /* Sources */ = {
			isa = PBXSourcesBuildPhase;
			buildActionMask = 2147483647;
			files = (
			);
			runOnlyForDeploymentPostprocessing = 0;
		};
		8940024524ACBD2800EBE74B /* Sources */ = {
			isa = PBXSourcesBuildPhase;
			buildActionMask = 2147483647;
			files = (
			);
			runOnlyForDeploymentPostprocessing = 0;
		};
		8940025024ACBD2800EBE74B /* Sources */ = {
			isa = PBXSourcesBuildPhase;
			buildActionMask = 2147483647;
			files = (
			);
			runOnlyForDeploymentPostprocessing = 0;
		};
/* End PBXSourcesBuildPhase section */

/* Begin PBXTargetDependency section */
		8940024B24ACBD2800EBE74B /* PBXTargetDependency */ = {
			isa = PBXTargetDependency;
			target = 8940023724ACBD2700EBE74B /* DNSecure */;
			targetProxy = 8940024A24ACBD2800EBE74B /* PBXContainerItemProxy */;
		};
		8940025624ACBD2800EBE74B /* PBXTargetDependency */ = {
			isa = PBXTargetDependency;
			target = 8940023724ACBD2700EBE74B /* DNSecure */;
			targetProxy = 8940025524ACBD2800EBE74B /* PBXContainerItemProxy */;
		};
/* End PBXTargetDependency section */

/* Begin XCBuildConfiguration section */
		8940025B24ACBD2800EBE74B /* Debug */ = {
			isa = XCBuildConfiguration;
			buildSettings = {
				ALWAYS_SEARCH_USER_PATHS = NO;
				ASSETCATALOG_COMPILER_GENERATE_SWIFT_ASSET_SYMBOL_EXTENSIONS = YES;
				CLANG_ANALYZER_NONNULL = YES;
				CLANG_ANALYZER_NUMBER_OBJECT_CONVERSION = YES_AGGRESSIVE;
				CLANG_CXX_LANGUAGE_STANDARD = "gnu++14";
				CLANG_CXX_LIBRARY = "libc++";
				CLANG_ENABLE_MODULES = YES;
				CLANG_ENABLE_OBJC_ARC = YES;
				CLANG_ENABLE_OBJC_WEAK = YES;
				CLANG_WARN_BLOCK_CAPTURE_AUTORELEASING = YES;
				CLANG_WARN_BOOL_CONVERSION = YES;
				CLANG_WARN_COMMA = YES;
				CLANG_WARN_CONSTANT_CONVERSION = YES;
				CLANG_WARN_DEPRECATED_OBJC_IMPLEMENTATIONS = YES;
				CLANG_WARN_DIRECT_OBJC_ISA_USAGE = YES_ERROR;
				CLANG_WARN_DOCUMENTATION_COMMENTS = YES;
				CLANG_WARN_EMPTY_BODY = YES;
				CLANG_WARN_ENUM_CONVERSION = YES;
				CLANG_WARN_INFINITE_RECURSION = YES;
				CLANG_WARN_INT_CONVERSION = YES;
				CLANG_WARN_NON_LITERAL_NULL_CONVERSION = YES;
				CLANG_WARN_OBJC_IMPLICIT_RETAIN_SELF = YES;
				CLANG_WARN_OBJC_LITERAL_CONVERSION = YES;
				CLANG_WARN_OBJC_ROOT_CLASS = YES_ERROR;
				CLANG_WARN_QUOTED_INCLUDE_IN_FRAMEWORK_HEADER = YES;
				CLANG_WARN_RANGE_LOOP_ANALYSIS = YES;
				CLANG_WARN_STRICT_PROTOTYPES = YES;
				CLANG_WARN_SUSPICIOUS_MOVE = YES;
				CLANG_WARN_UNGUARDED_AVAILABILITY = YES_AGGRESSIVE;
				CLANG_WARN_UNREACHABLE_CODE = YES;
				CLANG_WARN__DUPLICATE_METHOD_MATCH = YES;
				COPY_PHASE_STRIP = NO;
				DEBUG_INFORMATION_FORMAT = dwarf;
				ENABLE_STRICT_OBJC_MSGSEND = YES;
				ENABLE_TESTABILITY = YES;
				ENABLE_USER_SCRIPT_SANDBOXING = YES;
				GCC_C_LANGUAGE_STANDARD = gnu11;
				GCC_DYNAMIC_NO_PIC = NO;
				GCC_NO_COMMON_BLOCKS = YES;
				GCC_OPTIMIZATION_LEVEL = 0;
				GCC_PREPROCESSOR_DEFINITIONS = (
					"DEBUG=1",
					"$(inherited)",
				);
				GCC_WARN_64_TO_32_BIT_CONVERSION = YES;
				GCC_WARN_ABOUT_RETURN_TYPE = YES_ERROR;
				GCC_WARN_UNDECLARED_SELECTOR = YES;
				GCC_WARN_UNINITIALIZED_AUTOS = YES_AGGRESSIVE;
				GCC_WARN_UNUSED_FUNCTION = YES;
				GCC_WARN_UNUSED_VARIABLE = YES;
				IPHONEOS_DEPLOYMENT_TARGET = 15.0;
				MTL_ENABLE_DEBUG_INFO = INCLUDE_SOURCE;
				MTL_FAST_MATH = YES;
				ONLY_ACTIVE_ARCH = YES;
				SDKROOT = iphoneos;
				SWIFT_ACTIVE_COMPILATION_CONDITIONS = DEBUG;
				SWIFT_OPTIMIZATION_LEVEL = "-Onone";
			};
			name = Debug;
		};
		8940025C24ACBD2800EBE74B /* Release */ = {
			isa = XCBuildConfiguration;
			buildSettings = {
				ALWAYS_SEARCH_USER_PATHS = NO;
				ASSETCATALOG_COMPILER_GENERATE_SWIFT_ASSET_SYMBOL_EXTENSIONS = YES;
				CLANG_ANALYZER_NONNULL = YES;
				CLANG_ANALYZER_NUMBER_OBJECT_CONVERSION = YES_AGGRESSIVE;
				CLANG_CXX_LANGUAGE_STANDARD = "gnu++14";
				CLANG_CXX_LIBRARY = "libc++";
				CLANG_ENABLE_MODULES = YES;
				CLANG_ENABLE_OBJC_ARC = YES;
				CLANG_ENABLE_OBJC_WEAK = YES;
				CLANG_WARN_BLOCK_CAPTURE_AUTORELEASING = YES;
				CLANG_WARN_BOOL_CONVERSION = YES;
				CLANG_WARN_COMMA = YES;
				CLANG_WARN_CONSTANT_CONVERSION = YES;
				CLANG_WARN_DEPRECATED_OBJC_IMPLEMENTATIONS = YES;
				CLANG_WARN_DIRECT_OBJC_ISA_USAGE = YES_ERROR;
				CLANG_WARN_DOCUMENTATION_COMMENTS = YES;
				CLANG_WARN_EMPTY_BODY = YES;
				CLANG_WARN_ENUM_CONVERSION = YES;
				CLANG_WARN_INFINITE_RECURSION = YES;
				CLANG_WARN_INT_CONVERSION = YES;
				CLANG_WARN_NON_LITERAL_NULL_CONVERSION = YES;
				CLANG_WARN_OBJC_IMPLICIT_RETAIN_SELF = YES;
				CLANG_WARN_OBJC_LITERAL_CONVERSION = YES;
				CLANG_WARN_OBJC_ROOT_CLASS = YES_ERROR;
				CLANG_WARN_QUOTED_INCLUDE_IN_FRAMEWORK_HEADER = YES;
				CLANG_WARN_RANGE_LOOP_ANALYSIS = YES;
				CLANG_WARN_STRICT_PROTOTYPES = YES;
				CLANG_WARN_SUSPICIOUS_MOVE = YES;
				CLANG_WARN_UNGUARDED_AVAILABILITY = YES_AGGRESSIVE;
				CLANG_WARN_UNREACHABLE_CODE = YES;
				CLANG_WARN__DUPLICATE_METHOD_MATCH = YES;
				COPY_PHASE_STRIP = NO;
				DEBUG_INFORMATION_FORMAT = "dwarf-with-dsym";
				ENABLE_NS_ASSERTIONS = NO;
				ENABLE_STRICT_OBJC_MSGSEND = YES;
				ENABLE_USER_SCRIPT_SANDBOXING = YES;
				GCC_C_LANGUAGE_STANDARD = gnu11;
				GCC_NO_COMMON_BLOCKS = YES;
				GCC_WARN_64_TO_32_BIT_CONVERSION = YES;
				GCC_WARN_ABOUT_RETURN_TYPE = YES_ERROR;
				GCC_WARN_UNDECLARED_SELECTOR = YES;
				GCC_WARN_UNINITIALIZED_AUTOS = YES_AGGRESSIVE;
				GCC_WARN_UNUSED_FUNCTION = YES;
				GCC_WARN_UNUSED_VARIABLE = YES;
				IPHONEOS_DEPLOYMENT_TARGET = 15.0;
				MTL_ENABLE_DEBUG_INFO = NO;
				MTL_FAST_MATH = YES;
				SDKROOT = iphoneos;
				SWIFT_COMPILATION_MODE = wholemodule;
				SWIFT_OPTIMIZATION_LEVEL = "-O";
				VALIDATE_PRODUCT = YES;
			};
			name = Release;
		};
		8940025E24ACBD2800EBE74B /* Debug */ = {
			isa = XCBuildConfiguration;
			buildSettings = {
				ASSETCATALOG_COMPILER_APPICON_NAME = AppIcon;
				ASSETCATALOG_COMPILER_GLOBAL_ACCENT_COLOR_NAME = AccentColor;
				CODE_SIGN_ENTITLEMENTS = DNSecure/DNSecure.entitlements;
				CODE_SIGN_STYLE = Automatic;
				CURRENT_PROJECT_VERSION = 1;
				DEVELOPMENT_ASSET_PATHS = "\"DNSecure/Preview Content\"";
				DEVELOPMENT_TEAM = X4678G5DL2;
				ENABLE_PREVIEWS = YES;
				INFOPLIST_FILE = DNSecure/Info.plist;
				LD_RUNPATH_SEARCH_PATHS = (
					"$(inherited)",
					"@executable_path/Frameworks",
				);
				MARKETING_VERSION = 1.5.1;
				PRODUCT_BUNDLE_IDENTIFIER = xyz.kebo.DNSecure;
				PRODUCT_NAME = "$(TARGET_NAME)";
				SUPPORTED_PLATFORMS = "iphoneos iphonesimulator";
				SUPPORTS_MACCATALYST = YES;
				SUPPORTS_MAC_DESIGNED_FOR_IPHONE_IPAD = NO;
				SWIFT_VERSION = 6.0;
				TARGETED_DEVICE_FAMILY = "1,2";
			};
			name = Debug;
		};
		8940025F24ACBD2800EBE74B /* Release */ = {
			isa = XCBuildConfiguration;
			buildSettings = {
				ASSETCATALOG_COMPILER_APPICON_NAME = AppIcon;
				ASSETCATALOG_COMPILER_GLOBAL_ACCENT_COLOR_NAME = AccentColor;
				CODE_SIGN_ENTITLEMENTS = DNSecure/DNSecure.entitlements;
				CODE_SIGN_STYLE = Automatic;
				CURRENT_PROJECT_VERSION = 1;
				DEVELOPMENT_ASSET_PATHS = "\"DNSecure/Preview Content\"";
				DEVELOPMENT_TEAM = X4678G5DL2;
				ENABLE_PREVIEWS = YES;
				INFOPLIST_FILE = DNSecure/Info.plist;
				LD_RUNPATH_SEARCH_PATHS = (
					"$(inherited)",
					"@executable_path/Frameworks",
				);
				MARKETING_VERSION = 1.5.1;
				PRODUCT_BUNDLE_IDENTIFIER = xyz.kebo.DNSecure;
				PRODUCT_NAME = "$(TARGET_NAME)";
				SUPPORTED_PLATFORMS = "iphoneos iphonesimulator";
				SUPPORTS_MACCATALYST = YES;
				SUPPORTS_MAC_DESIGNED_FOR_IPHONE_IPAD = NO;
				SWIFT_VERSION = 6.0;
				TARGETED_DEVICE_FAMILY = "1,2";
			};
			name = Release;
		};
		8940026124ACBD2800EBE74B /* Debug */ = {
			isa = XCBuildConfiguration;
			buildSettings = {
				BUNDLE_LOADER = "$(TEST_HOST)";
				CODE_SIGN_STYLE = Automatic;
				DEVELOPMENT_TEAM = X4678G5DL2;
				INFOPLIST_FILE = DNSecureTests/Info.plist;
				LD_RUNPATH_SEARCH_PATHS = (
					"$(inherited)",
					"@executable_path/Frameworks",
					"@loader_path/Frameworks",
				);
				PRODUCT_BUNDLE_IDENTIFIER = xyz.kebo.DNSecureTests;
				PRODUCT_NAME = "$(TARGET_NAME)";
				SWIFT_VERSION = 6.0;
				TARGETED_DEVICE_FAMILY = "1,2";
				TEST_HOST = "$(BUILT_PRODUCTS_DIR)/DNSecure.app/DNSecure";
			};
			name = Debug;
		};
		8940026224ACBD2800EBE74B /* Release */ = {
			isa = XCBuildConfiguration;
			buildSettings = {
				BUNDLE_LOADER = "$(TEST_HOST)";
				CODE_SIGN_STYLE = Automatic;
				DEVELOPMENT_TEAM = X4678G5DL2;
				INFOPLIST_FILE = DNSecureTests/Info.plist;
				LD_RUNPATH_SEARCH_PATHS = (
					"$(inherited)",
					"@executable_path/Frameworks",
					"@loader_path/Frameworks",
				);
				PRODUCT_BUNDLE_IDENTIFIER = xyz.kebo.DNSecureTests;
				PRODUCT_NAME = "$(TARGET_NAME)";
				SWIFT_VERSION = 6.0;
				TARGETED_DEVICE_FAMILY = "1,2";
				TEST_HOST = "$(BUILT_PRODUCTS_DIR)/DNSecure.app/DNSecure";
			};
			name = Release;
		};
		8940026424ACBD2800EBE74B /* Debug */ = {
			isa = XCBuildConfiguration;
			buildSettings = {
				CODE_SIGN_STYLE = Automatic;
				DEVELOPMENT_TEAM = X4678G5DL2;
				INFOPLIST_FILE = DNSecureUITests/Info.plist;
				LD_RUNPATH_SEARCH_PATHS = (
					"$(inherited)",
					"@executable_path/Frameworks",
					"@loader_path/Frameworks",
				);
				PRODUCT_BUNDLE_IDENTIFIER = xyz.kebo.DNSecureUITests;
				PRODUCT_NAME = "$(TARGET_NAME)";
				SWIFT_VERSION = 6.0;
				TARGETED_DEVICE_FAMILY = "1,2";
				TEST_TARGET_NAME = DNSecure;
			};
			name = Debug;
		};
		8940026524ACBD2800EBE74B /* Release */ = {
			isa = XCBuildConfiguration;
			buildSettings = {
				CODE_SIGN_STYLE = Automatic;
				DEVELOPMENT_TEAM = X4678G5DL2;
				INFOPLIST_FILE = DNSecureUITests/Info.plist;
				LD_RUNPATH_SEARCH_PATHS = (
					"$(inherited)",
					"@executable_path/Frameworks",
					"@loader_path/Frameworks",
				);
				PRODUCT_BUNDLE_IDENTIFIER = xyz.kebo.DNSecureUITests;
				PRODUCT_NAME = "$(TARGET_NAME)";
				SWIFT_VERSION = 6.0;
				TARGETED_DEVICE_FAMILY = "1,2";
				TEST_TARGET_NAME = DNSecure;
			};
			name = Release;
		};
/* End XCBuildConfiguration section */

/* Begin XCConfigurationList section */
		8940023324ACBD2700EBE74B /* Build configuration list for PBXProject "DNSecure" */ = {
			isa = XCConfigurationList;
			buildConfigurations = (
				8940025B24ACBD2800EBE74B /* Debug */,
				8940025C24ACBD2800EBE74B /* Release */,
			);
			defaultConfigurationIsVisible = 0;
			defaultConfigurationName = Release;
		};
		8940025D24ACBD2800EBE74B /* Build configuration list for PBXNativeTarget "DNSecure" */ = {
			isa = XCConfigurationList;
			buildConfigurations = (
				8940025E24ACBD2800EBE74B /* Debug */,
				8940025F24ACBD2800EBE74B /* Release */,
			);
			defaultConfigurationIsVisible = 0;
			defaultConfigurationName = Release;
		};
		8940026024ACBD2800EBE74B /* Build configuration list for PBXNativeTarget "DNSecureTests" */ = {
			isa = XCConfigurationList;
			buildConfigurations = (
				8940026124ACBD2800EBE74B /* Debug */,
				8940026224ACBD2800EBE74B /* Release */,
			);
			defaultConfigurationIsVisible = 0;
			defaultConfigurationName = Release;
		};
		8940026324ACBD2800EBE74B /* Build configuration list for PBXNativeTarget "DNSecureUITests" */ = {
			isa = XCConfigurationList;
			buildConfigurations = (
				8940026424ACBD2800EBE74B /* Debug */,
				8940026524ACBD2800EBE74B /* Release */,
			);
			defaultConfigurationIsVisible = 0;
			defaultConfigurationName = Release;
		};
/* End XCConfigurationList section */
	};
	rootObject = 8940023024ACBD2700EBE74B /* Project object */;
}
