// !$*UTF8*$!
{
	archiveVersion = 1;
	classes = {
	};
	objectVersion = 50;
	objects = {

/* Begin PBXBuildFile section */
		890B80D5251DC3A20046BAA0 /* DetailView.swift in Sources */ = {isa = PBXBuildFile; fileRef = 890B80D4251DC3A20046BAA0 /* DetailView.swift */; };
		890B80DF251DC6B50046BAA0 /* Presets.swift in Sources */ = {isa = PBXBuildFile; fileRef = 890B80DE251DC6B50046BAA0 /* Presets.swift */; };
		893AA853258F99630060B022 /* NEOnDemandRuleInterfaceType+CaseIterable.swift in Sources */ = {isa = PBXBuildFile; fileRef = 893AA852258F99630060B022 /* NEOnDemandRuleInterfaceType+CaseIterable.swift */; };
		893AA858258F996F0060B022 /* NEOnDemandRuleInterfaceType+CustomStringConvertible.swift in Sources */ = {isa = PBXBuildFile; fileRef = 893AA857258F996F0060B022 /* NEOnDemandRuleInterfaceType+CustomStringConvertible.swift */; };
		893AA85D258F997A0060B022 /* NEOnDemandRuleInterfaceType+Codable.swift in Sources */ = {isa = PBXBuildFile; fileRef = 893AA85C258F997A0060B022 /* NEOnDemandRuleInterfaceType+Codable.swift */; };
		893AA862258F998C0060B022 /* NEOnDemandRuleInterfaceType+ssidIsUsed.swift in Sources */ = {isa = PBXBuildFile; fileRef = 893AA861258F998C0060B022 /* NEOnDemandRuleInterfaceType+ssidIsUsed.swift */; };
		893AA867258F99990060B022 /* NEOnDemandRuleAction+CaseIterable.swift in Sources */ = {isa = PBXBuildFile; fileRef = 893AA866258F99990060B022 /* NEOnDemandRuleAction+CaseIterable.swift */; };
		893AA86C258F99A10060B022 /* NEOnDemandRuleAction+CustomStringConvertible.swift in Sources */ = {isa = PBXBuildFile; fileRef = 893AA86B258F99A10060B022 /* NEOnDemandRuleAction+CustomStringConvertible.swift */; };
		893AA871258F99AD0060B022 /* NEOnDemandRuleAction+Codable.swift in Sources */ = {isa = PBXBuildFile; fileRef = 893AA870258F99AD0060B022 /* NEOnDemandRuleAction+Codable.swift */; };
		8940023C24ACBD2700EBE74B /* DNSecureApp.swift in Sources */ = {isa = PBXBuildFile; fileRef = 8940023B24ACBD2700EBE74B /* DNSecureApp.swift */; };
		8940023E24ACBD2700EBE74B /* ContentView.swift in Sources */ = {isa = PBXBuildFile; fileRef = 8940023D24ACBD2700EBE74B /* ContentView.swift */; };
		8940024024ACBD2800EBE74B /* Assets.xcassets in Resources */ = {isa = PBXBuildFile; fileRef = 8940023F24ACBD2800EBE74B /* Assets.xcassets */; };
		8940024324ACBD2800EBE74B /* Preview Assets.xcassets in Resources */ = {isa = PBXBuildFile; fileRef = 8940024224ACBD2800EBE74B /* Preview Assets.xcassets */; };
		8940024E24ACBD2800EBE74B /* DNSecureTests.swift in Sources */ = {isa = PBXBuildFile; fileRef = 8940024D24ACBD2800EBE74B /* DNSecureTests.swift */; };
		8940025924ACBD2800EBE74B /* DNSecureUITests.swift in Sources */ = {isa = PBXBuildFile; fileRef = 8940025824ACBD2800EBE74B /* DNSecureUITests.swift */; };
		8940026924ACBE4900EBE74B /* NetworkExtension.framework in Frameworks */ = {isa = PBXBuildFile; fileRef = 8940026824ACBE4900EBE74B /* NetworkExtension.framework */; };
		894958AD2548405E009691D5 /* RuleView.swift in Sources */ = {isa = PBXBuildFile; fileRef = 894958AC2548405E009691D5 /* RuleView.swift */; };
		8963FDFB251DF1BC00E3DFE7 /* Bundle+displayName.swift in Sources */ = {isa = PBXBuildFile; fileRef = 8963FDFA251DF1BC00E3DFE7 /* Bundle+displayName.swift */; };
		8986CDCF251D9B3400D947CD /* Resolver.swift in Sources */ = {isa = PBXBuildFile; fileRef = 8986CDCE251D9B3400D947CD /* Resolver.swift */; };
		8998041628DCDED800C8B421 /* DoTSections.swift in Sources */ = {isa = PBXBuildFile; fileRef = 8998041528DCDED800C8B421 /* DoTSections.swift */; };
		8998041828DCDEEF00C8B421 /* DoHSections.swift in Sources */ = {isa = PBXBuildFile; fileRef = 8998041728DCDEEF00C8B421 /* DoHSections.swift */; };
		89CB922125209DD100B6983C /* HowToActivateView.swift in Sources */ = {isa = PBXBuildFile; fileRef = 89CB922025209DD100B6983C /* HowToActivateView.swift */; };
/* End PBXBuildFile section */

/* Begin PBXContainerItemProxy section */
		8940024A24ACBD2800EBE74B /* PBXContainerItemProxy */ = {
			isa = PBXContainerItemProxy;
			containerPortal = 8940023024ACBD2700EBE74B /* Project object */;
			proxyType = 1;
			remoteGlobalIDString = 8940023724ACBD2700EBE74B;
			remoteInfo = DNSecure;
		};
		8940025524ACBD2800EBE74B /* PBXContainerItemProxy */ = {
			isa = PBXContainerItemProxy;
			containerPortal = 8940023024ACBD2700EBE74B /* Project object */;
			proxyType = 1;
			remoteGlobalIDString = 8940023724ACBD2700EBE74B;
			remoteInfo = DNSecure;
		};
/* End PBXContainerItemProxy section */

/* Begin PBXFileReference section */
		890B80D4251DC3A20046BAA0 /* DetailView.swift */ = {isa = PBXFileReference; lastKnownFileType = sourcecode.swift; path = DetailView.swift; sourceTree = "<group>"; };
		890B80DE251DC6B50046BAA0 /* Presets.swift */ = {isa = PBXFileReference; lastKnownFileType = sourcecode.swift; path = Presets.swift; sourceTree = "<group>"; };
		8924EDF324C9CDF1004AF871 /* README.md */ = {isa = PBXFileReference; lastKnownFileType = net.daringfireball.markdown; path = README.md; sourceTree = "<group>"; };
		893AA852258F99630060B022 /* NEOnDemandRuleInterfaceType+CaseIterable.swift */ = {isa = PBXFileReference; lastKnownFileType = sourcecode.swift; path = "NEOnDemandRuleInterfaceType+CaseIterable.swift"; sourceTree = "<group>"; };
		893AA857258F996F0060B022 /* NEOnDemandRuleInterfaceType+CustomStringConvertible.swift */ = {isa = PBXFileReference; lastKnownFileType = sourcecode.swift; path = "NEOnDemandRuleInterfaceType+CustomStringConvertible.swift"; sourceTree = "<group>"; };
		893AA85C258F997A0060B022 /* NEOnDemandRuleInterfaceType+Codable.swift */ = {isa = PBXFileReference; lastKnownFileType = sourcecode.swift; path = "NEOnDemandRuleInterfaceType+Codable.swift"; sourceTree = "<group>"; };
		893AA861258F998C0060B022 /* NEOnDemandRuleInterfaceType+ssidIsUsed.swift */ = {isa = PBXFileReference; lastKnownFileType = sourcecode.swift; path = "NEOnDemandRuleInterfaceType+ssidIsUsed.swift"; sourceTree = "<group>"; };
		893AA866258F99990060B022 /* NEOnDemandRuleAction+CaseIterable.swift */ = {isa = PBXFileReference; lastKnownFileType = sourcecode.swift; path = "NEOnDemandRuleAction+CaseIterable.swift"; sourceTree = "<group>"; };
		893AA86B258F99A10060B022 /* NEOnDemandRuleAction+CustomStringConvertible.swift */ = {isa = PBXFileReference; lastKnownFileType = sourcecode.swift; path = "NEOnDemandRuleAction+CustomStringConvertible.swift"; sourceTree = "<group>"; };
		893AA870258F99AD0060B022 /* NEOnDemandRuleAction+Codable.swift */ = {isa = PBXFileReference; lastKnownFileType = sourcecode.swift; path = "NEOnDemandRuleAction+Codable.swift"; sourceTree = "<group>"; };
		8940023824ACBD2700EBE74B /* DNSecure.app */ = {isa = PBXFileReference; explicitFileType = wrapper.application; includeInIndex = 0; path = DNSecure.app; sourceTree = BUILT_PRODUCTS_DIR; };
		8940023B24ACBD2700EBE74B /* DNSecureApp.swift */ = {isa = PBXFileReference; lastKnownFileType = sourcecode.swift; path = DNSecureApp.swift; sourceTree = "<group>"; };
		8940023D24ACBD2700EBE74B /* ContentView.swift */ = {isa = PBXFileReference; lastKnownFileType = sourcecode.swift; path = ContentView.swift; sourceTree = "<group>"; };
		8940023F24ACBD2800EBE74B /* Assets.xcassets */ = {isa = PBXFileReference; lastKnownFileType = folder.assetcatalog; path = Assets.xcassets; sourceTree = "<group>"; };
		8940024224ACBD2800EBE74B /* Preview Assets.xcassets */ = {isa = PBXFileReference; lastKnownFileType = folder.assetcatalog; path = "Preview Assets.xcassets"; sourceTree = "<group>"; };
		8940024424ACBD2800EBE74B /* Info.plist */ = {isa = PBXFileReference; lastKnownFileType = text.plist.xml; path = Info.plist; sourceTree = "<group>"; };
		8940024924ACBD2800EBE74B /* DNSecureTests.xctest */ = {isa = PBXFileReference; explicitFileType = wrapper.cfbundle; includeInIndex = 0; path = DNSecureTests.xctest; sourceTree = BUILT_PRODUCTS_DIR; };
		8940024D24ACBD2800EBE74B /* DNSecureTests.swift */ = {isa = PBXFileReference; lastKnownFileType = sourcecode.swift; path = DNSecureTests.swift; sourceTree = "<group>"; };
		8940024F24ACBD2800EBE74B /* Info.plist */ = {isa = PBXFileReference; lastKnownFileType = text.plist.xml; path = Info.plist; sourceTree = "<group>"; };
		8940025424ACBD2800EBE74B /* DNSecureUITests.xctest */ = {isa = PBXFileReference; explicitFileType = wrapper.cfbundle; includeInIndex = 0; path = DNSecureUITests.xctest; sourceTree = BUILT_PRODUCTS_DIR; };
		8940025824ACBD2800EBE74B /* DNSecureUITests.swift */ = {isa = PBXFileReference; lastKnownFileType = sourcecode.swift; path = DNSecureUITests.swift; sourceTree = "<group>"; };
		8940025A24ACBD2800EBE74B /* Info.plist */ = {isa = PBXFileReference; lastKnownFileType = text.plist.xml; path = Info.plist; sourceTree = "<group>"; };
		8940026624ACBE4900EBE74B /* DNSecure.entitlements */ = {isa = PBXFileReference; lastKnownFileType = text.plist.entitlements; path = DNSecure.entitlements; sourceTree = "<group>"; };
		8940026824ACBE4900EBE74B /* NetworkExtension.framework */ = {isa = PBXFileReference; lastKnownFileType = wrapper.framework; name = NetworkExtension.framework; path = System/Library/Frameworks/NetworkExtension.framework; sourceTree = SDKROOT; };
		894958AC2548405E009691D5 /* RuleView.swift */ = {isa = PBXFileReference; lastKnownFileType = sourcecode.swift; path = RuleView.swift; sourceTree = "<group>"; };
		8963FDFA251DF1BC00E3DFE7 /* Bundle+displayName.swift */ = {isa = PBXFileReference; lastKnownFileType = sourcecode.swift; path = "Bundle+displayName.swift"; sourceTree = "<group>"; };
		8986CDCE251D9B3400D947CD /* Resolver.swift */ = {isa = PBXFileReference; lastKnownFileType = sourcecode.swift; path = Resolver.swift; sourceTree = "<group>"; };
		8998041528DCDED800C8B421 /* DoTSections.swift */ = {isa = PBXFileReference; lastKnownFileType = sourcecode.swift; path = DoTSections.swift; sourceTree = "<group>"; };
		8998041728DCDEEF00C8B421 /* DoHSections.swift */ = {isa = PBXFileReference; lastKnownFileType = sourcecode.swift; path = DoHSections.swift; sourceTree = "<group>"; };
		89CB922025209DD100B6983C /* HowToActivateView.swift */ = {isa = PBXFileReference; lastKnownFileType = sourcecode.swift; path = HowToActivateView.swift; sourceTree = "<group>"; };
/* End PBXFileReference section */

/* Begin PBXFrameworksBuildPhase section */
		8940023524ACBD2700EBE74B /* Frameworks */ = {
			isa = PBXFrameworksBuildPhase;
			buildActionMask = 2147483647;
			files = (
				8940026924ACBE4900EBE74B /* NetworkExtension.framework in Frameworks */,
			);
			runOnlyForDeploymentPostprocessing = 0;
		};
		8940024624ACBD2800EBE74B /* Frameworks */ = {
			isa = PBXFrameworksBuildPhase;
			buildActionMask = 2147483647;
			files = (
			);
			runOnlyForDeploymentPostprocessing = 0;
		};
		8940025124ACBD2800EBE74B /* Frameworks */ = {
			isa = PBXFrameworksBuildPhase;
			buildActionMask = 2147483647;
			files = (
			);
			runOnlyForDeploymentPostprocessing = 0;
		};
/* End PBXFrameworksBuildPhase section */

/* Begin PBXGroup section */
		893AA816258F790D0060B022 /* Views */ = {
			isa = PBXGroup;
			children = (
				8940023D24ACBD2700EBE74B /* ContentView.swift */,
				89CB922025209DD100B6983C /* HowToActivateView.swift */,
				890B80D4251DC3A20046BAA0 /* DetailView.swift */,
				894958AC2548405E009691D5 /* RuleView.swift */,
				8998041528DCDED800C8B421 /* DoTSections.swift */,
				8998041728DCDEEF00C8B421 /* DoHSections.swift */,
			);
			path = Views;
			sourceTree = "<group>";
		};
		893AA817258F79F70060B022 /* Models */ = {
			isa = PBXGroup;
			children = (
				8986CDCE251D9B3400D947CD /* Resolver.swift */,
				890B80DE251DC6B50046BAA0 /* Presets.swift */,
			);
			path = Models;
			sourceTree = "<group>";
		};
		893AA818258F7A0C0060B022 /* Extensions */ = {
			isa = PBXGroup;
			children = (
				8963FDFA251DF1BC00E3DFE7 /* Bundle+displayName.swift */,
				893AA852258F99630060B022 /* NEOnDemandRuleInterfaceType+CaseIterable.swift */,
				893AA857258F996F0060B022 /* NEOnDemandRuleInterfaceType+CustomStringConvertible.swift */,
				893AA85C258F997A0060B022 /* NEOnDemandRuleInterfaceType+Codable.swift */,
				893AA861258F998C0060B022 /* NEOnDemandRuleInterfaceType+ssidIsUsed.swift */,
				893AA866258F99990060B022 /* NEOnDemandRuleAction+CaseIterable.swift */,
				893AA86B258F99A10060B022 /* NEOnDemandRuleAction+CustomStringConvertible.swift */,
				893AA870258F99AD0060B022 /* NEOnDemandRuleAction+Codable.swift */,
			);
			path = Extensions;
			sourceTree = "<group>";
		};
		8940022F24ACBD2700EBE74B = {
			isa = PBXGroup;
			children = (
				8924EDF324C9CDF1004AF871 /* README.md */,
				8940023A24ACBD2700EBE74B /* DNSecure */,
				8940024C24ACBD2800EBE74B /* DNSecureTests */,
				8940025724ACBD2800EBE74B /* DNSecureUITests */,
				8940023924ACBD2700EBE74B /* Products */,
				8940026724ACBE4900EBE74B /* Frameworks */,
			);
			sourceTree = "<group>";
		};
		8940023924ACBD2700EBE74B /* Products */ = {
			isa = PBXGroup;
			children = (
				8940023824ACBD2700EBE74B /* DNSecure.app */,
				8940024924ACBD2800EBE74B /* DNSecureTests.xctest */,
				8940025424ACBD2800EBE74B /* DNSecureUITests.xctest */,
			);
			name = Products;
			sourceTree = "<group>";
		};
		8940023A24ACBD2700EBE74B /* DNSecure */ = {
			isa = PBXGroup;
			children = (
				8940026624ACBE4900EBE74B /* DNSecure.entitlements */,
				8940023B24ACBD2700EBE74B /* DNSecureApp.swift */,
				893AA816258F790D0060B022 /* Views */,
				893AA817258F79F70060B022 /* Models */,
				893AA818258F7A0C0060B022 /* Extensions */,
				8940023F24ACBD2800EBE74B /* Assets.xcassets */,
				8940024424ACBD2800EBE74B /* Info.plist */,
				8940024124ACBD2800EBE74B /* Preview Content */,
			);
			path = DNSecure;
			sourceTree = "<group>";
		};
		8940024124ACBD2800EBE74B /* Preview Content */ = {
			isa = PBXGroup;
			children = (
				8940024224ACBD2800EBE74B /* Preview Assets.xcassets */,
			);
			path = "Preview Content";
			sourceTree = "<group>";
		};
		8940024C24ACBD2800EBE74B /* DNSecureTests */ = {
			isa = PBXGroup;
			children = (
				8940024D24ACBD2800EBE74B /* DNSecureTests.swift */,
				8940024F24ACBD2800EBE74B /* Info.plist */,
			);
			path = DNSecureTests;
			sourceTree = "<group>";
		};
		8940025724ACBD2800EBE74B /* DNSecureUITests */ = {
			isa = PBXGroup;
			children = (
				8940025824ACBD2800EBE74B /* DNSecureUITests.swift */,
				8940025A24ACBD2800EBE74B /* Info.plist */,
			);
			path = DNSecureUITests;
			sourceTree = "<group>";
		};
		8940026724ACBE4900EBE74B /* Frameworks */ = {
			isa = PBXGroup;
			children = (
				8940026824ACBE4900EBE74B /* NetworkExtension.framework */,
			);
			name = Frameworks;
			sourceTree = "<group>";
		};
/* End PBXGroup section */

/* Begin PBXNativeTarget section */
		8940023724ACBD2700EBE74B /* DNSecure */ = {
			isa = PBXNativeTarget;
			buildConfigurationList = 8940025D24ACBD2800EBE74B /* Build configuration list for PBXNativeTarget "DNSecure" */;
			buildPhases = (
				8940023424ACBD2700EBE74B /* Sources */,
				8940023524ACBD2700EBE74B /* Frameworks */,
				8940023624ACBD2700EBE74B /* Resources */,
			);
			buildRules = (
			);
			dependencies = (
			);
			name = DNSecure;
			productName = DNSecure;
			productReference = 8940023824ACBD2700EBE74B /* DNSecure.app */;
			productType = "com.apple.product-type.application";
		};
		8940024824ACBD2800EBE74B /* DNSecureTests */ = {
			isa = PBXNativeTarget;
			buildConfigurationList = 8940026024ACBD2800EBE74B /* Build configuration list for PBXNativeTarget "DNSecureTests" */;
			buildPhases = (
				8940024524ACBD2800EBE74B /* Sources */,
				8940024624ACBD2800EBE74B /* Frameworks */,
				8940024724ACBD2800EBE74B /* Resources */,
			);
			buildRules = (
			);
			dependencies = (
				8940024B24ACBD2800EBE74B /* PBXTargetDependency */,
			);
			name = DNSecureTests;
			productName = DNSecureTests;
			productReference = 8940024924ACBD2800EBE74B /* DNSecureTests.xctest */;
			productType = "com.apple.product-type.bundle.unit-test";
		};
		8940025324ACBD2800EBE74B /* DNSecureUITests */ = {
			isa = PBXNativeTarget;
			buildConfigurationList = 8940026324ACBD2800EBE74B /* Build configuration list for PBXNativeTarget "DNSecureUITests" */;
			buildPhases = (
				8940025024ACBD2800EBE74B /* Sources */,
				8940025124ACBD2800EBE74B /* Frameworks */,
				8940025224ACBD2800EBE74B /* Resources */,
			);
			buildRules = (
			);
			dependencies = (
				8940025624ACBD2800EBE74B /* PBXTargetDependency */,
			);
			name = DNSecureUITests;
			productName = DNSecureUITests;
			productReference = 8940025424ACBD2800EBE74B /* DNSecureUITests.xctest */;
			productType = "com.apple.product-type.bundle.ui-testing";
		};
/* End PBXNativeTarget section */

/* Begin PBXProject section */
		8940023024ACBD2700EBE74B /* Project object */ = {
			isa = PBXProject;
			attributes = {
				LastSwiftUpdateCheck = 1200;
				LastUpgradeCheck = 1200;
				TargetAttributes = {
					8940023724ACBD2700EBE74B = {
						CreatedOnToolsVersion = 12.0;
					};
					8940024824ACBD2800EBE74B = {
						CreatedOnToolsVersion = 12.0;
						TestTargetID = 8940023724ACBD2700EBE74B;
					};
					8940025324ACBD2800EBE74B = {
						CreatedOnToolsVersion = 12.0;
						TestTargetID = 8940023724ACBD2700EBE74B;
					};
				};
			};
			buildConfigurationList = 8940023324ACBD2700EBE74B /* Build configuration list for PBXProject "DNSecure" */;
			compatibilityVersion = "Xcode 9.3";
			developmentRegion = en;
			hasScannedForEncodings = 0;
			knownRegions = (
				en,
				Base,
			);
			mainGroup = 8940022F24ACBD2700EBE74B;
			productRefGroup = 8940023924ACBD2700EBE74B /* Products */;
			projectDirPath = "";
			projectRoot = "";
			targets = (
				8940023724ACBD2700EBE74B /* DNSecure */,
				8940024824ACBD2800EBE74B /* DNSecureTests */,
				8940025324ACBD2800EBE74B /* DNSecureUITests */,
			);
		};
/* End PBXProject section */

/* Begin PBXResourcesBuildPhase section */
		8940023624ACBD2700EBE74B /* Resources */ = {
			isa = PBXResourcesBuildPhase;
			buildActionMask = 2147483647;
			files = (
				8940024324ACBD2800EBE74B /* Preview Assets.xcassets in Resources */,
				8940024024ACBD2800EBE74B /* Assets.xcassets in Resources */,
			);
			runOnlyForDeploymentPostprocessing = 0;
		};
		8940024724ACBD2800EBE74B /* Resources */ = {
			isa = PBXResourcesBuildPhase;
			buildActionMask = 2147483647;
			files = (
			);
			runOnlyForDeploymentPostprocessing = 0;
		};
		8940025224ACBD2800EBE74B /* Resources */ = {
			isa = PBXResourcesBuildPhase;
			buildActionMask = 2147483647;
			files = (
			);
			runOnlyForDeploymentPostprocessing = 0;
		};
/* End PBXResourcesBuildPhase section */

/* Begin PBXSourcesBuildPhase section */
		8940023424ACBD2700EBE74B /* Sources */ = {
			isa = PBXSourcesBuildPhase;
			buildActionMask = 2147483647;
			files = (
				8986CDCF251D9B3400D947CD /* Resolver.swift in Sources */,
				89CB922125209DD100B6983C /* HowToActivateView.swift in Sources */,
				890B80D5251DC3A20046BAA0 /* DetailView.swift in Sources */,
				893AA853258F99630060B022 /* NEOnDemandRuleInterfaceType+CaseIterable.swift in Sources */,
				893AA871258F99AD0060B022 /* NEOnDemandRuleAction+Codable.swift in Sources */,
				893AA85D258F997A0060B022 /* NEOnDemandRuleInterfaceType+Codable.swift in Sources */,
				8940023E24ACBD2700EBE74B /* ContentView.swift in Sources */,
				894958AD2548405E009691D5 /* RuleView.swift in Sources */,
				8998041828DCDEEF00C8B421 /* DoHSections.swift in Sources */,
				890B80DF251DC6B50046BAA0 /* Presets.swift in Sources */,
				893AA858258F996F0060B022 /* NEOnDemandRuleInterfaceType+CustomStringConvertible.swift in Sources */,
				8940023C24ACBD2700EBE74B /* DNSecureApp.swift in Sources */,
				8998041628DCDED800C8B421 /* DoTSections.swift in Sources */,
				893AA862258F998C0060B022 /* NEOnDemandRuleInterfaceType+ssidIsUsed.swift in Sources */,
				893AA867258F99990060B022 /* NEOnDemandRuleAction+CaseIterable.swift in Sources */,
				893AA86C258F99A10060B022 /* NEOnDemandRuleAction+CustomStringConvertible.swift in Sources */,
				8963FDFB251DF1BC00E3DFE7 /* Bundle+displayName.swift in Sources */,
			);
			runOnlyForDeploymentPostprocessing = 0;
		};
		8940024524ACBD2800EBE74B /* Sources */ = {
			isa = PBXSourcesBuildPhase;
			buildActionMask = 2147483647;
			files = (
				8940024E24ACBD2800EBE74B /* DNSecureTests.swift in Sources */,
			);
			runOnlyForDeploymentPostprocessing = 0;
		};
		8940025024ACBD2800EBE74B /* Sources */ = {
			isa = PBXSourcesBuildPhase;
			buildActionMask = 2147483647;
			files = (
				8940025924ACBD2800EBE74B /* DNSecureUITests.swift in Sources */,
			);
			runOnlyForDeploymentPostprocessing = 0;
		};
/* End PBXSourcesBuildPhase section */

/* Begin PBXTargetDependency section */
		8940024B24ACBD2800EBE74B /* PBXTargetDependency */ = {
			isa = PBXTargetDependency;
			target = 8940023724ACBD2700EBE74B /* DNSecure */;
			targetProxy = 8940024A24ACBD2800EBE74B /* PBXContainerItemProxy */;
		};
		8940025624ACBD2800EBE74B /* PBXTargetDependency */ = {
			isa = PBXTargetDependency;
			target = 8940023724ACBD2700EBE74B /* DNSecure */;
			targetProxy = 8940025524ACBD2800EBE74B /* PBXContainerItemProxy */;
		};
/* End PBXTargetDependency section */

/* Begin XCBuildConfiguration section */
		8940025B24ACBD2800EBE74B /* Debug */ = {
			isa = XCBuildConfiguration;
			buildSettings = {
				ALWAYS_SEARCH_USER_PATHS = NO;
				CLANG_ANALYZER_NONNULL = YES;
				CLANG_ANALYZER_NUMBER_OBJECT_CONVERSION = YES_AGGRESSIVE;
				CLANG_CXX_LANGUAGE_STANDARD = "gnu++14";
				CLANG_CXX_LIBRARY = "libc++";
				CLANG_ENABLE_MODULES = YES;
				CLANG_ENABLE_OBJC_ARC = YES;
				CLANG_ENABLE_OBJC_WEAK = YES;
				CLANG_WARN_BLOCK_CAPTURE_AUTORELEASING = YES;
				CLANG_WARN_BOOL_CONVERSION = YES;
				CLANG_WARN_COMMA = YES;
				CLANG_WARN_CONSTANT_CONVERSION = YES;
				CLANG_WARN_DEPRECATED_OBJC_IMPLEMENTATIONS = YES;
				CLANG_WARN_DIRECT_OBJC_ISA_USAGE = YES_ERROR;
				CLANG_WARN_DOCUMENTATION_COMMENTS = YES;
				CLANG_WARN_EMPTY_BODY = YES;
				CLANG_WARN_ENUM_CONVERSION = YES;
				CLANG_WARN_INFINITE_RECURSION = YES;
				CLANG_WARN_INT_CONVERSION = YES;
				CLANG_WARN_NON_LITERAL_NULL_CONVERSION = YES;
				CLANG_WARN_OBJC_IMPLICIT_RETAIN_SELF = YES;
				CLANG_WARN_OBJC_LITERAL_CONVERSION = YES;
				CLANG_WARN_OBJC_ROOT_CLASS = YES_ERROR;
				CLANG_WARN_QUOTED_INCLUDE_IN_FRAMEWORK_HEADER = YES;
				CLANG_WARN_RANGE_LOOP_ANALYSIS = YES;
				CLANG_WARN_STRICT_PROTOTYPES = YES;
				CLANG_WARN_SUSPICIOUS_MOVE = YES;
				CLANG_WARN_UNGUARDED_AVAILABILITY = YES_AGGRESSIVE;
				CLANG_WARN_UNREACHABLE_CODE = YES;
				CLANG_WARN__DUPLICATE_METHOD_MATCH = YES;
				COPY_PHASE_STRIP = NO;
				DEBUG_INFORMATION_FORMAT = dwarf;
				ENABLE_STRICT_OBJC_MSGSEND = YES;
				ENABLE_TESTABILITY = YES;
				GCC_C_LANGUAGE_STANDARD = gnu11;
				GCC_DYNAMIC_NO_PIC = NO;
				GCC_NO_COMMON_BLOCKS = YES;
				GCC_OPTIMIZATION_LEVEL = 0;
				GCC_PREPROCESSOR_DEFINITIONS = (
					"DEBUG=1",
					"$(inherited)",
				);
				GCC_WARN_64_TO_32_BIT_CONVERSION = YES;
				GCC_WARN_ABOUT_RETURN_TYPE = YES_ERROR;
				GCC_WARN_UNDECLARED_SELECTOR = YES;
				GCC_WARN_UNINITIALIZED_AUTOS = YES_AGGRESSIVE;
				GCC_WARN_UNUSED_FUNCTION = YES;
				GCC_WARN_UNUSED_VARIABLE = YES;
				IPHONEOS_DEPLOYMENT_TARGET = 15.0;
				MTL_ENABLE_DEBUG_INFO = INCLUDE_SOURCE;
				MTL_FAST_MATH = YES;
				ONLY_ACTIVE_ARCH = YES;
				SDKROOT = iphoneos;
				SWIFT_ACTIVE_COMPILATION_CONDITIONS = DEBUG;
				SWIFT_OPTIMIZATION_LEVEL = "-Onone";
			};
			name = Debug;
		};
		8940025C24ACBD2800EBE74B /* Release */ = {
			isa = XCBuildConfiguration;
			buildSettings = {
				ALWAYS_SEARCH_USER_PATHS = NO;
				CLANG_ANALYZER_NONNULL = YES;
				CLANG_ANALYZER_NUMBER_OBJECT_CONVERSION = YES_AGGRESSIVE;
				CLANG_CXX_LANGUAGE_STANDARD = "gnu++14";
				CLANG_CXX_LIBRARY = "libc++";
				CLANG_ENABLE_MODULES = YES;
				CLANG_ENABLE_OBJC_ARC = YES;
				CLANG_ENABLE_OBJC_WEAK = YES;
				CLANG_WARN_BLOCK_CAPTURE_AUTORELEASING = YES;
				CLANG_WARN_BOOL_CONVERSION = YES;
				CLANG_WARN_COMMA = YES;
				CLANG_WARN_CONSTANT_CONVERSION = YES;
				CLANG_WARN_DEPRECATED_OBJC_IMPLEMENTATIONS = YES;
				CLANG_WARN_DIRECT_OBJC_ISA_USAGE = YES_ERROR;
				CLANG_WARN_DOCUMENTATION_COMMENTS = YES;
				CLANG_WARN_EMPTY_BODY = YES;
				CLANG_WARN_ENUM_CONVERSION = YES;
				CLANG_WARN_INFINITE_RECURSION = YES;
				CLANG_WARN_INT_CONVERSION = YES;
				CLANG_WARN_NON_LITERAL_NULL_CONVERSION = YES;
				CLANG_WARN_OBJC_IMPLICIT_RETAIN_SELF = YES;
				CLANG_WARN_OBJC_LITERAL_CONVERSION = YES;
				CLANG_WARN_OBJC_ROOT_CLASS = YES_ERROR;
				CLANG_WARN_QUOTED_INCLUDE_IN_FRAMEWORK_HEADER = YES;
				CLANG_WARN_RANGE_LOOP_ANALYSIS = YES;
				CLANG_WARN_STRICT_PROTOTYPES = YES;
				CLANG_WARN_SUSPICIOUS_MOVE = YES;
				CLANG_WARN_UNGUARDED_AVAILABILITY = YES_AGGRESSIVE;
				CLANG_WARN_UNREACHABLE_CODE = YES;
				CLANG_WARN__DUPLICATE_METHOD_MATCH = YES;
				COPY_PHASE_STRIP = NO;
				DEBUG_INFORMATION_FORMAT = "dwarf-with-dsym";
				ENABLE_NS_ASSERTIONS = NO;
				ENABLE_STRICT_OBJC_MSGSEND = YES;
				GCC_C_LANGUAGE_STANDARD = gnu11;
				GCC_NO_COMMON_BLOCKS = YES;
				GCC_WARN_64_TO_32_BIT_CONVERSION = YES;
				GCC_WARN_ABOUT_RETURN_TYPE = YES_ERROR;
				GCC_WARN_UNDECLARED_SELECTOR = YES;
				GCC_WARN_UNINITIALIZED_AUTOS = YES_AGGRESSIVE;
				GCC_WARN_UNUSED_FUNCTION = YES;
				GCC_WARN_UNUSED_VARIABLE = YES;
				IPHONEOS_DEPLOYMENT_TARGET = 15.0;
				MTL_ENABLE_DEBUG_INFO = NO;
				MTL_FAST_MATH = YES;
				SDKROOT = iphoneos;
				SWIFT_COMPILATION_MODE = wholemodule;
				SWIFT_OPTIMIZATION_LEVEL = "-O";
				VALIDATE_PRODUCT = YES;
			};
			name = Release;
		};
		8940025E24ACBD2800EBE74B /* Debug */ = {
			isa = XCBuildConfiguration;
			buildSettings = {
				ASSETCATALOG_COMPILER_APPICON_NAME = AppIcon;
				ASSETCATALOG_COMPILER_GLOBAL_ACCENT_COLOR_NAME = AccentColor;
				CODE_SIGN_ENTITLEMENTS = DNSecure/DNSecure.entitlements;
				CODE_SIGN_STYLE = Automatic;
				CURRENT_PROJECT_VERSION = 15;
				DEVELOPMENT_ASSET_PATHS = "\"DNSecure/Preview Content\"";
				DEVELOPMENT_TEAM = X4678G5DL2;
				ENABLE_PREVIEWS = YES;
				INFOPLIST_FILE = DNSecure/Info.plist;
				LD_RUNPATH_SEARCH_PATHS = (
					"$(inherited)",
					"@executable_path/Frameworks",
				);
				MARKETING_VERSION = 1.4.1;
				PRODUCT_BUNDLE_IDENTIFIER = xyz.kebo.DNSecure;
				PRODUCT_NAME = "$(TARGET_NAME)";
				SUPPORTED_PLATFORMS = "iphoneos iphonesimulator";
				SUPPORTS_MACCATALYST = YES;
				SUPPORTS_MAC_DESIGNED_FOR_IPHONE_IPAD = NO;
				SWIFT_VERSION = 5.0;
				TARGETED_DEVICE_FAMILY = "1,2";
			};
			name = Debug;
		};
		8940025F24ACBD2800EBE74B /* Release */ = {
			isa = XCBuildConfiguration;
			buildSettings = {
				ASSETCATALOG_COMPILER_APPICON_NAME = AppIcon;
				ASSETCATALOG_COMPILER_GLOBAL_ACCENT_COLOR_NAME = AccentColor;
				CODE_SIGN_ENTITLEMENTS = DNSecure/DNSecure.entitlements;
				CODE_SIGN_STYLE = Automatic;
				CURRENT_PROJECT_VERSION = 15;
				DEVELOPMENT_ASSET_PATHS = "\"DNSecure/Preview Content\"";
				DEVELOPMENT_TEAM = X4678G5DL2;
				ENABLE_PREVIEWS = YES;
				INFOPLIST_FILE = DNSecure/Info.plist;
				LD_RUNPATH_SEARCH_PATHS = (
					"$(inherited)",
					"@executable_path/Frameworks",
				);
				MARKETING_VERSION = 1.4.1;
				PRODUCT_BUNDLE_IDENTIFIER = xyz.kebo.DNSecure;
				PRODUCT_NAME = "$(TARGET_NAME)";
				SUPPORTED_PLATFORMS = "iphoneos iphonesimulator";
				SUPPORTS_MACCATALYST = YES;
				SUPPORTS_MAC_DESIGNED_FOR_IPHONE_IPAD = NO;
				SWIFT_VERSION = 5.0;
				TARGETED_DEVICE_FAMILY = "1,2";
			};
			name = Release;
		};
		8940026124ACBD2800EBE74B /* Debug */ = {
			isa = XCBuildConfiguration;
			buildSettings = {
				ALWAYS_EMBED_SWIFT_STANDARD_LIBRARIES = YES;
				BUNDLE_LOADER = "$(TEST_HOST)";
				CODE_SIGN_STYLE = Automatic;
				DEVELOPMENT_TEAM = X4678G5DL2;
				INFOPLIST_FILE = DNSecureTests/Info.plist;
				IPHONEOS_DEPLOYMENT_TARGET = 14.0;
				LD_RUNPATH_SEARCH_PATHS = (
					"$(inherited)",
					"@executable_path/Frameworks",
					"@loader_path/Frameworks",
				);
				PRODUCT_BUNDLE_IDENTIFIER = xyz.kebo.DNSecureTests;
				PRODUCT_NAME = "$(TARGET_NAME)";
				SWIFT_VERSION = 5.0;
				TARGETED_DEVICE_FAMILY = "1,2";
				TEST_HOST = "$(BUILT_PRODUCTS_DIR)/DNSecure.app/DNSecure";
			};
			name = Debug;
		};
		8940026224ACBD2800EBE74B /* Release */ = {
			isa = XCBuildConfiguration;
			buildSettings = {
				ALWAYS_EMBED_SWIFT_STANDARD_LIBRARIES = YES;
				BUNDLE_LOADER = "$(TEST_HOST)";
				CODE_SIGN_STYLE = Automatic;
				DEVELOPMENT_TEAM = X4678G5DL2;
				INFOPLIST_FILE = DNSecureTests/Info.plist;
				IPHONEOS_DEPLOYMENT_TARGET = 14.0;
				LD_RUNPATH_SEARCH_PATHS = (
					"$(inherited)",
					"@executable_path/Frameworks",
					"@loader_path/Frameworks",
				);
				PRODUCT_BUNDLE_IDENTIFIER = xyz.kebo.DNSecureTests;
				PRODUCT_NAME = "$(TARGET_NAME)";
				SWIFT_VERSION = 5.0;
				TARGETED_DEVICE_FAMILY = "1,2";
				TEST_HOST = "$(BUILT_PRODUCTS_DIR)/DNSecure.app/DNSecure";
			};
			name = Release;
		};
		8940026424ACBD2800EBE74B /* Debug */ = {
			isa = XCBuildConfiguration;
			buildSettings = {
				ALWAYS_EMBED_SWIFT_STANDARD_LIBRARIES = YES;
				CODE_SIGN_STYLE = Automatic;
				DEVELOPMENT_TEAM = X4678G5DL2;
				INFOPLIST_FILE = DNSecureUITests/Info.plist;
				LD_RUNPATH_SEARCH_PATHS = (
					"$(inherited)",
					"@executable_path/Frameworks",
					"@loader_path/Frameworks",
				);
				PRODUCT_BUNDLE_IDENTIFIER = xyz.kebo.DNSecureUITests;
				PRODUCT_NAME = "$(TARGET_NAME)";
				SWIFT_VERSION = 5.0;
				TARGETED_DEVICE_FAMILY = "1,2";
				TEST_TARGET_NAME = DNSecure;
			};
			name = Debug;
		};
		8940026524ACBD2800EBE74B /* Release */ = {
			isa = XCBuildConfiguration;
			buildSettings = {
				ALWAYS_EMBED_SWIFT_STANDARD_LIBRARIES = YES;
				CODE_SIGN_STYLE = Automatic;
				DEVELOPMENT_TEAM = X4678G5DL2;
				INFOPLIST_FILE = DNSecureUITests/Info.plist;
				LD_RUNPATH_SEARCH_PATHS = (
					"$(inherited)",
					"@executable_path/Frameworks",
					"@loader_path/Frameworks",
				);
				PRODUCT_BUNDLE_IDENTIFIER = xyz.kebo.DNSecureUITests;
				PRODUCT_NAME = "$(TARGET_NAME)";
				SWIFT_VERSION = 5.0;
				TARGETED_DEVICE_FAMILY = "1,2";
				TEST_TARGET_NAME = DNSecure;
			};
			name = Release;
		};
/* End XCBuildConfiguration section */

/* Begin XCConfigurationList section */
		8940023324ACBD2700EBE74B /* Build configuration list for PBXProject "DNSecure" */ = {
			isa = XCConfigurationList;
			buildConfigurations = (
				8940025B24ACBD2800EBE74B /* Debug */,
				8940025C24ACBD2800EBE74B /* Release */,
			);
			defaultConfigurationIsVisible = 0;
			defaultConfigurationName = Release;
		};
		8940025D24ACBD2800EBE74B /* Build configuration list for PBXNativeTarget "DNSecure" */ = {
			isa = XCConfigurationList;
			buildConfigurations = (
				8940025E24ACBD2800EBE74B /* Debug */,
				8940025F24ACBD2800EBE74B /* Release */,
			);
			defaultConfigurationIsVisible = 0;
			defaultConfigurationName = Release;
		};
		8940026024ACBD2800EBE74B /* Build configuration list for PBXNativeTarget "DNSecureTests" */ = {
			isa = XCConfigurationList;
			buildConfigurations = (
				8940026124ACBD2800EBE74B /* Debug */,
				8940026224ACBD2800EBE74B /* Release */,
			);
			defaultConfigurationIsVisible = 0;
			defaultConfigurationName = Release;
		};
		8940026324ACBD2800EBE74B /* Build configuration list for PBXNativeTarget "DNSecureUITests" */ = {
			isa = XCConfigurationList;
			buildConfigurations = (
				8940026424ACBD2800EBE74B /* Debug */,
				8940026524ACBD2800EBE74B /* Release */,
			);
			defaultConfigurationIsVisible = 0;
			defaultConfigurationName = Release;
		};
/* End XCConfigurationList section */
	};
	rootObject = 8940023024ACBD2700EBE74B /* Project object */;
}
